{
  "nodes": {
    "acns": {
      "inputs": {
        "nix2zon": "nix2zon",
        "nixpkgs": "nixpkgs",
        "zig2nix": "zig2nix"
      },
      "locked": {
        "lastModified": 1752061511,
        "narHash": "sha256-GsJlDgeJ09s70z/CkmxzSXsW67Y593nNl5kOQT+t0LY=",
        "path": "/home/nino/acns",
        "type": "path"
      },
      "original": {
        "path": "/home/nino/acns",
        "type": "path"
      }
    },
    "flake-utils": {
      "inputs": {
        "systems": "systems"
      },
      "locked": {
        "lastModified": 1731533236,
        "narHash": "sha256-l0KFg5HjrsfsO/JpG+r7fRrqm12kzFHyUHqHCVpMMbI=",
        "owner": "numtide",
        "repo": "flake-utils",
        "rev": "11707dc2f618dd54ca8739b309ec4fc024de578b",
        "type": "github"
      },
      "original": {
        "owner": "numtide",
        "repo": "flake-utils",
        "type": "github"
      }
    },
    "flake-utils_2": {
      "inputs": {
        "systems": "systems_2"
      },
      "locked": {
        "lastModified": 1731533236,
        "narHash": "sha256-l0KFg5HjrsfsO/JpG+r7fRrqm12kzFHyUHqHCVpMMbI=",
        "owner": "numtide",
        "repo": "flake-utils",
        "rev": "11707dc2f618dd54ca8739b309ec4fc024de578b",
        "type": "github"
      },
      "original": {
        "owner": "numtide",
        "repo": "flake-utils",
        "type": "github"
      }
    },
    "kresd-acns": {
      "inputs": {
        "flake-utils": "flake-utils_2",
        "nixpkgs": "nixpkgs_3"
      },
      "locked": {
        "lastModified": 1751908233,
        "narHash": "sha256-HtmQRJoVV5SeSaGHdf8B0yz5wI3SNXAV5M49nba6t3c=",
        "path": "/home/nino/kresd-acns",
        "type": "path"
      },
      "original": {
        "path": "/home/nino/kresd-acns",
        "type": "path"
      }
    },
    "nix2zon": {
      "inputs": {
        "nixpkgs-lib": "nixpkgs-lib"
      },
      "locked": {
        "lastModified": 1751187863,
        "narHash": "sha256-eGvLtOSOMSNHCpxBgIs5aOgGgYy0viXwmWPlCDdxPVc=",
        "owner": "ninofaivre",
        "repo": "nix2zon",
        "rev": "4bdd3682e394ede115b6f602357dc1fc7b7dd1b6",
        "type": "github"
      },
      "original": {
        "owner": "ninofaivre",
        "repo": "nix2zon",
        "type": "github"
      }
    },
    "nixpkgs": {
      "locked": {
        "lastModified": 1751187317,
        "narHash": "sha256-l2+9Ep+y9E7V7r8pGbsVpKGtK9GOky+eItYyHOIatzs=",
        "owner": "NixOS",
        "repo": "nixpkgs",
        "rev": "48854ab741b5208dfdd7709b62f3e2df97da7451",
        "type": "github"
      },
      "original": {
        "id": "nixpkgs",
        "ref": "release-25.05",
        "type": "indirect"
      }
    },
    "nixpkgs-fork-kresd-add-lua-modules": {
      "locked": {
        "lastModified": 1751918440,
        "narHash": "sha256-YdPFYUnaip2MG0RWitgU3EuxKKZTAeweKiB/8pmtBQQ=",
        "path": "/home/nino/nixpkgs-fork-kresd-add-lua-modules",
        "type": "path"
      },
      "original": {
        "path": "/home/nino/nixpkgs-fork-kresd-add-lua-modules",
        "type": "path"
      }
    },
    "nixpkgs-fork-systemd-credentials": {
      "locked": {
        "lastModified": 1745487951,
        "narHash": "sha256-UYAEWbAmEddUzGO6m8jnXMr3BnqK3OvjCFtJpxDtAdE=",
        "owner": "ninofaivre",
        "repo": "nixpkgs",
        "rev": "2f7a6df9d20973a18be250994f41b9055b92d5ca",
        "type": "github"
      },
      "original": {
        "owner": "ninofaivre",
        "ref": "kanidm-provision-use-systemd-credentials",
        "repo": "nixpkgs",
        "type": "github"
      }
    },
    "nixpkgs-lib": {
      "locked": {
        "lastModified": 1751159883,
        "narHash": "sha256-urW/Ylk9FIfvXfliA1ywh75yszAbiTEVgpPeinFyVZo=",
        "owner": "nix-community",
        "repo": "nixpkgs.lib",
        "rev": "14a40a1d7fb9afa4739275ac642ed7301a9ba1ab",
        "type": "github"
      },
      "original": {
        "owner": "nix-community",
        "repo": "nixpkgs.lib",
        "type": "github"
      }
    },
    "nixpkgs-unstable": {
      "locked": {
        "lastModified": 1746904237,
        "narHash": "sha256-3e+AVBczosP5dCLQmMoMEogM57gmZ2qrVSrmq9aResQ=",
        "owner": "NixOS",
        "repo": "nixpkgs",
        "rev": "d89fc19e405cb2d55ce7cc114356846a0ee5e956",
        "type": "github"
      },
      "original": {
        "id": "nixpkgs",
        "ref": "nixos-unstable",
        "type": "indirect"
      }
    },
    "nixpkgs_2": {
      "locked": {
        "lastModified": 1751160262,
        "narHash": "sha256-Auc7fgqa3RErx5XslOeW4FVNBaE2RU4PMYKgA0Qwi7c=",
        "owner": "nixos",
        "repo": "nixpkgs",
        "rev": "3fd29d9d28e8536c827018bf5779488cfc2d8736",
        "type": "github"
      },
      "original": {
        "owner": "nixos",
        "repo": "nixpkgs",
        "type": "github"
      }
    },
    "nixpkgs_3": {
      "locked": {
        "lastModified": 1751907328,
        "narHash": "sha256-fwtg7i+tjnVc+tQF0og3pq1FgUT6kA9jP3axttcQ5sU=",
        "owner": "NixOS",
        "repo": "nixpkgs",
        "rev": "1137fd06dae69db4b0ebdc9e48c7fbe10d94913d",
        "type": "github"
      },
      "original": {
        "id": "nixpkgs",
        "ref": "release-25.05",
        "type": "indirect"
      }
    },
    "nixpkgs_4": {
      "locked": {
        "lastModified": 1746957726,
        "narHash": "sha256-k9ut1LSfHCr0AW82ttEQzXVCqmyWVA5+SHJkS5ID/Jo=",
        "owner": "NixOS",
        "repo": "nixpkgs",
        "rev": "a39ed32a651fdee6842ec930761e31d1f242cb94",
        "type": "github"
      },
      "original": {
        "id": "nixpkgs",
        "ref": "nixos-24.11",
        "type": "indirect"
      }
    },
    "nixpkgs_5": {
      "locked": {
        "lastModified": 1744868846,
        "narHash": "sha256-5RJTdUHDmj12Qsv7XOhuospjAjATNiTMElplWnJE9Hs=",
        "owner": "NixOS",
        "repo": "nixpkgs",
        "rev": "ebe4301cbd8f81c4f8d3244b3632338bbeb6d49c",
        "type": "github"
      },
      "original": {
        "owner": "NixOS",
        "ref": "nixpkgs-unstable",
        "repo": "nixpkgs",
        "type": "github"
      }
    },
    "root": {
      "inputs": {
        "acns": "acns",
        "kresd-acns": "kresd-acns",
        "nixpkgs": "nixpkgs_4",
        "nixpkgs-fork-kresd-add-lua-modules": "nixpkgs-fork-kresd-add-lua-modules",
        "nixpkgs-fork-systemd-credentials": "nixpkgs-fork-systemd-credentials",
        "nixpkgs-unstable": "nixpkgs-unstable",
        "sops-nix": "sops-nix"
      }
    },
    "sops-nix": {
      "inputs": {
        "nixpkgs": "nixpkgs_5"
      },
      "locked": {
        "lastModified": 1746485181,
        "narHash": "sha256-PxrrSFLaC7YuItShxmYbMgSuFFuwxBB+qsl9BZUnRvg=",
        "owner": "Mic92",
        "repo": "sops-nix",
        "rev": "e93ee1d900ad264d65e9701a5c6f895683433386",
        "type": "github"
      },
      "original": {
        "owner": "Mic92",
        "repo": "sops-nix",
        "type": "github"
      }
    },
    "systems": {
      "locked": {
        "lastModified": 1681028828,
        "narHash": "sha256-Vy1rq5AaRuLzOxct8nz4T6wlgyUR7zLU309k9mBC768=",
        "owner": "nix-systems",
        "repo": "default",
        "rev": "da67096a3b9bf56a91d16901293e51ba5b49a27e",
        "type": "github"
      },
      "original": {
        "owner": "nix-systems",
        "repo": "default",
        "type": "github"
      }
    },
    "systems_2": {
      "locked": {
        "lastModified": 1681028828,
        "narHash": "sha256-Vy1rq5AaRuLzOxct8nz4T6wlgyUR7zLU309k9mBC768=",
        "owner": "nix-systems",
        "repo": "default",
        "rev": "da67096a3b9bf56a91d16901293e51ba5b49a27e",
        "type": "github"
      },
      "original": {
        "owner": "nix-systems",
        "repo": "default",
        "type": "github"
      }
    },
    "zig2nix": {
      "inputs": {
        "flake-utils": "flake-utils",
        "nixpkgs": "nixpkgs_2"
      },
      "locked": {
        "lastModified": 1751162479,
        "narHash": "sha256-6IGh5pEtWvbHSo/0JomaRYe3wVPN/OpNaVzhkAdk3v4=",
        "owner": "Cloudef",
        "repo": "zig2nix",
        "rev": "878373244ca63491d9c95ebfde4e7fe43eb934fb",
        "type": "github"
      },
      "original": {
        "owner": "Cloudef",
        "repo": "zig2nix",
        "type": "github"
      }
    }
  },
  "root": "root",
  "version": 7
}
